// !$*UTF8*$!
{
	archiveVersion = 1;
	classes = {
	};
	objectVersion = 46;
	objects = {

/* Begin PBXBuildFile section */
		4D117752183AC8E30055CEB0 /* Cocoa.framework in Frameworks */ = {isa = PBXBuildFile; fileRef = 4D117751183AC8E30055CEB0 /* Cocoa.framework */; };
		4D11775C183AC8E30055CEB0 /* InfoPlist.strings in Resources */ = {isa = PBXBuildFile; fileRef = 4D11775A183AC8E30055CEB0 /* InfoPlist.strings */; };
		4D11775E183AC8E30055CEB0 /* main.m in Sources */ = {isa = PBXBuildFile; fileRef = 4D11775D183AC8E30055CEB0 /* main.m */; };
		4D117762183AC8E30055CEB0 /* Credits.rtf in Resources */ = {isa = PBXBuildFile; fileRef = 4D117760183AC8E30055CEB0 /* Credits.rtf */; };
		4D117765183AC8E30055CEB0 /* LIAppDelegate.m in Sources */ = {isa = PBXBuildFile; fileRef = 4D117764183AC8E30055CEB0 /* LIAppDelegate.m */; };
		4D117768183AC8E30055CEB0 /* MainMenu.xib in Resources */ = {isa = PBXBuildFile; fileRef = 4D117766183AC8E30055CEB0 /* MainMenu.xib */; };
		4D11776A183AC8E30055CEB0 /* Images.xcassets in Resources */ = {isa = PBXBuildFile; fileRef = 4D117769183AC8E30055CEB0 /* Images.xcassets */; };
		4D117771183AC8E30055CEB0 /* XCTest.framework in Frameworks */ = {isa = PBXBuildFile; fileRef = 4D117770183AC8E30055CEB0 /* XCTest.framework */; };
		4D117772183AC8E30055CEB0 /* Cocoa.framework in Frameworks */ = {isa = PBXBuildFile; fileRef = 4D117751183AC8E30055CEB0 /* Cocoa.framework */; };
		4D11777A183AC8E30055CEB0 /* InfoPlist.strings in Resources */ = {isa = PBXBuildFile; fileRef = 4D117778183AC8E30055CEB0 /* InfoPlist.strings */; };
		4D11777C183AC8E30055CEB0 /* LIGridControlTests.m in Sources */ = {isa = PBXBuildFile; fileRef = 4D11777B183AC8E30055CEB0 /* LIGridControlTests.m */; };
		4D117788183AC91C0055CEB0 /* LIGridControl.mm in Sources */ = {isa = PBXBuildFile; fileRef = 4D117787183AC91C0055CEB0 /* LIGridControl.mm */; };
		4D11778B183AC92B0055CEB0 /* LIGridCellView.m in Sources */ = {isa = PBXBuildFile; fileRef = 4D11778A183AC92B0055CEB0 /* LIGridCellView.m */; };
		4D11778F183D6D2A0055CEB0 /* LISpreadsheetControl.m in Sources */ = {isa = PBXBuildFile; fileRef = 4D11778E183D6D2A0055CEB0 /* LISpreadsheetControl.m */; };
		4D84B8B8184244F60053E6CA /* QuartzCore.framework in Frameworks */ = {isa = PBXBuildFile; fileRef = 4D84B8B7184244F60053E6CA /* QuartzCore.framework */; };
		4DA651A0184272B7006B5791 /* LIGridDividerView.m in Sources */ = {isa = PBXBuildFile; fileRef = 4DA6519F184272B7006B5791 /* LIGridDividerView.m */; };
		4DA651A3184278EC006B5791 /* LIGridArea.m in Sources */ = {isa = PBXBuildFile; fileRef = 4DA651A2184278EC006B5791 /* LIGridArea.m */; };
/* End PBXBuildFile section */

/* Begin PBXContainerItemProxy section */
		4D117773183AC8E30055CEB0 /* PBXContainerItemProxy */ = {
			isa = PBXContainerItemProxy;
			containerPortal = 4D117746183AC8E30055CEB0 /* Project object */;
			proxyType = 1;
			remoteGlobalIDString = 4D11774D183AC8E30055CEB0;
			remoteInfo = LIGridControl;
		};
/* End PBXContainerItemProxy section */

/* Begin PBXFileReference section */
		4D11774E183AC8E30055CEB0 /* LIGridControl.app */ = {isa = PBXFileReference; explicitFileType = wrapper.application; includeInIndex = 0; path = LIGridControl.app; sourceTree = BUILT_PRODUCTS_DIR; };
		4D117751183AC8E30055CEB0 /* Cocoa.framework */ = {isa = PBXFileReference; lastKnownFileType = wrapper.framework; name = Cocoa.framework; path = System/Library/Frameworks/Cocoa.framework; sourceTree = SDKROOT; };
		4D117754183AC8E30055CEB0 /* AppKit.framework */ = {isa = PBXFileReference; lastKnownFileType = wrapper.framework; name = AppKit.framework; path = System/Library/Frameworks/AppKit.framework; sourceTree = SDKROOT; };
		4D117755183AC8E30055CEB0 /* CoreData.framework */ = {isa = PBXFileReference; lastKnownFileType = wrapper.framework; name = CoreData.framework; path = System/Library/Frameworks/CoreData.framework; sourceTree = SDKROOT; };
		4D117756183AC8E30055CEB0 /* Foundation.framework */ = {isa = PBXFileReference; lastKnownFileType = wrapper.framework; name = Foundation.framework; path = System/Library/Frameworks/Foundation.framework; sourceTree = SDKROOT; };
		4D117759183AC8E30055CEB0 /* LIGridControl-Info.plist */ = {isa = PBXFileReference; lastKnownFileType = text.plist.xml; path = "LIGridControl-Info.plist"; sourceTree = "<group>"; };
		4D11775B183AC8E30055CEB0 /* en */ = {isa = PBXFileReference; lastKnownFileType = text.plist.strings; name = en; path = en.lproj/InfoPlist.strings; sourceTree = "<group>"; };
		4D11775D183AC8E30055CEB0 /* main.m */ = {isa = PBXFileReference; lastKnownFileType = sourcecode.c.objc; path = main.m; sourceTree = "<group>"; };
		4D11775F183AC8E30055CEB0 /* LIGridControl-Prefix.pch */ = {isa = PBXFileReference; lastKnownFileType = sourcecode.c.h; path = "LIGridControl-Prefix.pch"; sourceTree = "<group>"; };
		4D117761183AC8E30055CEB0 /* en */ = {isa = PBXFileReference; lastKnownFileType = text.rtf; name = en; path = en.lproj/Credits.rtf; sourceTree = "<group>"; };
		4D117763183AC8E30055CEB0 /* LIAppDelegate.h */ = {isa = PBXFileReference; lastKnownFileType = sourcecode.c.h; path = LIAppDelegate.h; sourceTree = "<group>"; };
		4D117764183AC8E30055CEB0 /* LIAppDelegate.m */ = {isa = PBXFileReference; lastKnownFileType = sourcecode.c.objc; path = LIAppDelegate.m; sourceTree = "<group>"; };
		4D117767183AC8E30055CEB0 /* Base */ = {isa = PBXFileReference; lastKnownFileType = file.xib; name = Base; path = Base.lproj/MainMenu.xib; sourceTree = "<group>"; };
		4D117769183AC8E30055CEB0 /* Images.xcassets */ = {isa = PBXFileReference; lastKnownFileType = folder.assetcatalog; path = Images.xcassets; sourceTree = "<group>"; };
		4D11776F183AC8E30055CEB0 /* LIGridControlTests.xctest */ = {isa = PBXFileReference; explicitFileType = wrapper.cfbundle; includeInIndex = 0; path = LIGridControlTests.xctest; sourceTree = BUILT_PRODUCTS_DIR; };
		4D117770183AC8E30055CEB0 /* XCTest.framework */ = {isa = PBXFileReference; lastKnownFileType = wrapper.framework; name = XCTest.framework; path = Library/Frameworks/XCTest.framework; sourceTree = DEVELOPER_DIR; };
		4D117777183AC8E30055CEB0 /* LIGridControlTests-Info.plist */ = {isa = PBXFileReference; lastKnownFileType = text.plist.xml; path = "LIGridControlTests-Info.plist"; sourceTree = "<group>"; };
		4D117779183AC8E30055CEB0 /* en */ = {isa = PBXFileReference; lastKnownFileType = text.plist.strings; name = en; path = en.lproj/InfoPlist.strings; sourceTree = "<group>"; };
		4D11777B183AC8E30055CEB0 /* LIGridControlTests.m */ = {isa = PBXFileReference; lastKnownFileType = sourcecode.c.objc; path = LIGridControlTests.m; sourceTree = "<group>"; };
		4D117786183AC91C0055CEB0 /* LIGridControl.h */ = {isa = PBXFileReference; fileEncoding = 4; lastKnownFileType = sourcecode.c.h; path = LIGridControl.h; sourceTree = "<group>"; };
		4D117787183AC91C0055CEB0 /* LIGridControl.mm */ = {isa = PBXFileReference; fileEncoding = 4; lastKnownFileType = sourcecode.cpp.objcpp; path = LIGridControl.mm; sourceTree = "<group>"; };
		4D117789183AC92B0055CEB0 /* LIGridCellView.h */ = {isa = PBXFileReference; fileEncoding = 4; lastKnownFileType = sourcecode.c.h; path = LIGridCellView.h; sourceTree = "<group>"; };
		4D11778A183AC92B0055CEB0 /* LIGridCellView.m */ = {isa = PBXFileReference; fileEncoding = 4; lastKnownFileType = sourcecode.c.objc; path = LIGridCellView.m; sourceTree = "<group>"; };
		4D11778D183D6D2A0055CEB0 /* LISpreadsheetControl.h */ = {isa = PBXFileReference; fileEncoding = 4; lastKnownFileType = sourcecode.c.h; path = LISpreadsheetControl.h; sourceTree = "<group>"; };
		4D11778E183D6D2A0055CEB0 /* LISpreadsheetControl.m */ = {isa = PBXFileReference; fileEncoding = 4; lastKnownFileType = sourcecode.c.objc; path = LISpreadsheetControl.m; sourceTree = "<group>"; };
		4D84B8B7184244F60053E6CA /* QuartzCore.framework */ = {isa = PBXFileReference; lastKnownFileType = wrapper.framework; name = QuartzCore.framework; path = System/Library/Frameworks/QuartzCore.framework; sourceTree = SDKROOT; };
		4DA6519E184272B7006B5791 /* LIGridDividerView.h */ = {isa = PBXFileReference; fileEncoding = 4; lastKnownFileType = sourcecode.c.h; path = LIGridDividerView.h; sourceTree = "<group>"; };
		4DA6519F184272B7006B5791 /* LIGridDividerView.m */ = {isa = PBXFileReference; fileEncoding = 4; lastKnownFileType = sourcecode.c.objc; path = LIGridDividerView.m; sourceTree = "<group>"; };
		4DA651A1184278EC006B5791 /* LIGridArea.h */ = {isa = PBXFileReference; fileEncoding = 4; lastKnownFileType = sourcecode.c.h; path = LIGridArea.h; sourceTree = "<group>"; };
		4DA651A2184278EC006B5791 /* LIGridArea.m */ = {isa = PBXFileReference; fileEncoding = 4; lastKnownFileType = sourcecode.c.objc; path = LIGridArea.m; sourceTree = "<group>"; };
/* End PBXFileReference section */

/* Begin PBXFrameworksBuildPhase section */
		4D11774B183AC8E30055CEB0 /* Frameworks */ = {
			isa = PBXFrameworksBuildPhase;
			buildActionMask = 2147483647;
			files = (
				4D117752183AC8E30055CEB0 /* Cocoa.framework in Frameworks */,
				4D84B8B8184244F60053E6CA /* QuartzCore.framework in Frameworks */,
			);
			runOnlyForDeploymentPostprocessing = 0;
		};
		4D11776C183AC8E30055CEB0 /* Frameworks */ = {
			isa = PBXFrameworksBuildPhase;
			buildActionMask = 2147483647;
			files = (
				4D117772183AC8E30055CEB0 /* Cocoa.framework in Frameworks */,
				4D117771183AC8E30055CEB0 /* XCTest.framework in Frameworks */,
			);
			runOnlyForDeploymentPostprocessing = 0;
		};
/* End PBXFrameworksBuildPhase section */

/* Begin PBXGroup section */
		4D117745183AC8E30055CEB0 = {
			isa = PBXGroup;
			children = (
				4D117757183AC8E30055CEB0 /* LIGridControl */,
				4D117775183AC8E30055CEB0 /* LIGridControlTests */,
				4D117750183AC8E30055CEB0 /* Frameworks */,
				4D11774F183AC8E30055CEB0 /* Products */,
			);
			sourceTree = "<group>";
		};
		4D11774F183AC8E30055CEB0 /* Products */ = {
			isa = PBXGroup;
			children = (
				4D11774E183AC8E30055CEB0 /* LIGridControl.app */,
				4D11776F183AC8E30055CEB0 /* LIGridControlTests.xctest */,
			);
			name = Products;
			sourceTree = "<group>";
		};
		4D117750183AC8E30055CEB0 /* Frameworks */ = {
			isa = PBXGroup;
			children = (
				4D84B8B7184244F60053E6CA /* QuartzCore.framework */,
				4D117751183AC8E30055CEB0 /* Cocoa.framework */,
				4D117770183AC8E30055CEB0 /* XCTest.framework */,
				4D117753183AC8E30055CEB0 /* Other Frameworks */,
			);
			name = Frameworks;
			sourceTree = "<group>";
		};
		4D117753183AC8E30055CEB0 /* Other Frameworks */ = {
			isa = PBXGroup;
			children = (
				4D117754183AC8E30055CEB0 /* AppKit.framework */,
				4D117755183AC8E30055CEB0 /* CoreData.framework */,
				4D117756183AC8E30055CEB0 /* Foundation.framework */,
			);
			name = "Other Frameworks";
			sourceTree = "<group>";
		};
		4D117757183AC8E30055CEB0 /* LIGridControl */ = {
			isa = PBXGroup;
			children = (
				4D117785183AC8F40055CEB0 /* Classes */,
				4D117763183AC8E30055CEB0 /* LIAppDelegate.h */,
				4D117764183AC8E30055CEB0 /* LIAppDelegate.m */,
				4D117766183AC8E30055CEB0 /* MainMenu.xib */,
				4D117769183AC8E30055CEB0 /* Images.xcassets */,
				4D117758183AC8E30055CEB0 /* Supporting Files */,
			);
			path = LIGridControl;
			sourceTree = "<group>";
		};
		4D117758183AC8E30055CEB0 /* Supporting Files */ = {
			isa = PBXGroup;
			children = (
				4D117759183AC8E30055CEB0 /* LIGridControl-Info.plist */,
				4D11775A183AC8E30055CEB0 /* InfoPlist.strings */,
				4D11775D183AC8E30055CEB0 /* main.m */,
				4D11775F183AC8E30055CEB0 /* LIGridControl-Prefix.pch */,
				4D117760183AC8E30055CEB0 /* Credits.rtf */,
			);
			name = "Supporting Files";
			sourceTree = "<group>";
		};
		4D117775183AC8E30055CEB0 /* LIGridControlTests */ = {
			isa = PBXGroup;
			children = (
				4D11777B183AC8E30055CEB0 /* LIGridControlTests.m */,
				4D117776183AC8E30055CEB0 /* Supporting Files */,
			);
			path = LIGridControlTests;
			sourceTree = "<group>";
		};
		4D117776183AC8E30055CEB0 /* Supporting Files */ = {
			isa = PBXGroup;
			children = (
				4D117777183AC8E30055CEB0 /* LIGridControlTests-Info.plist */,
				4D117778183AC8E30055CEB0 /* InfoPlist.strings */,
			);
			name = "Supporting Files";
			sourceTree = "<group>";
		};
		4D117785183AC8F40055CEB0 /* Classes */ = {
			isa = PBXGroup;
			children = (
				4DA651A1184278EC006B5791 /* LIGridArea.h */,
				4DA651A2184278EC006B5791 /* LIGridArea.m */,
				4D117789183AC92B0055CEB0 /* LIGridCellView.h */,
				4D11778A183AC92B0055CEB0 /* LIGridCellView.m */,
				4DA6519E184272B7006B5791 /* LIGridDividerView.h */,
				4DA6519F184272B7006B5791 /* LIGridDividerView.m */,
				4D117786183AC91C0055CEB0 /* LIGridControl.h */,
				4D117787183AC91C0055CEB0 /* LIGridControl.mm */,
				4D11778D183D6D2A0055CEB0 /* LISpreadsheetControl.h */,
				4D11778E183D6D2A0055CEB0 /* LISpreadsheetControl.m */,
			);
			path = Classes;
			sourceTree = "<group>";
		};
/* End PBXGroup section */

/* Begin PBXNativeTarget section */
		4D11774D183AC8E30055CEB0 /* LIGridControl */ = {
			isa = PBXNativeTarget;
			buildConfigurationList = 4D11777F183AC8E30055CEB0 /* Build configuration list for PBXNativeTarget "LIGridControl" */;
			buildPhases = (
				4D11774A183AC8E30055CEB0 /* Sources */,
				4D11774B183AC8E30055CEB0 /* Frameworks */,
				4D11774C183AC8E30055CEB0 /* Resources */,
			);
			buildRules = (
			);
			dependencies = (
			);
			name = LIGridControl;
			productName = LIGridControl;
			productReference = 4D11774E183AC8E30055CEB0 /* LIGridControl.app */;
			productType = "com.apple.product-type.application";
		};
		4D11776E183AC8E30055CEB0 /* LIGridControlTests */ = {
			isa = PBXNativeTarget;
			buildConfigurationList = 4D117782183AC8E30055CEB0 /* Build configuration list for PBXNativeTarget "LIGridControlTests" */;
			buildPhases = (
				4D11776B183AC8E30055CEB0 /* Sources */,
				4D11776C183AC8E30055CEB0 /* Frameworks */,
				4D11776D183AC8E30055CEB0 /* Resources */,
			);
			buildRules = (
			);
			dependencies = (
				4D117774183AC8E30055CEB0 /* PBXTargetDependency */,
			);
			name = LIGridControlTests;
			productName = LIGridControlTests;
			productReference = 4D11776F183AC8E30055CEB0 /* LIGridControlTests.xctest */;
			productType = "com.apple.product-type.bundle.unit-test";
		};
/* End PBXNativeTarget section */

/* Begin PBXProject section */
		4D117746183AC8E30055CEB0 /* Project object */ = {
			isa = PBXProject;
			attributes = {
				CLASSPREFIX = LI;
				LastUpgradeCheck = 0500;
				ORGANIZATIONNAME = "Mark Onyschuk";
				TargetAttributes = {
					4D11776E183AC8E30055CEB0 = {
						TestTargetID = 4D11774D183AC8E30055CEB0;
					};
				};
			};
			buildConfigurationList = 4D117749183AC8E30055CEB0 /* Build configuration list for PBXProject "LIGridControl" */;
			compatibilityVersion = "Xcode 3.2";
			developmentRegion = English;
			hasScannedForEncodings = 0;
			knownRegions = (
				en,
				Base,
			);
			mainGroup = 4D117745183AC8E30055CEB0;
			productRefGroup = 4D11774F183AC8E30055CEB0 /* Products */;
			projectDirPath = "";
			projectRoot = "";
			targets = (
				4D11774D183AC8E30055CEB0 /* LIGridControl */,
				4D11776E183AC8E30055CEB0 /* LIGridControlTests */,
			);
		};
/* End PBXProject section */

/* Begin PBXResourcesBuildPhase section */
		4D11774C183AC8E30055CEB0 /* Resources */ = {
			isa = PBXResourcesBuildPhase;
			buildActionMask = 2147483647;
			files = (
				4D11775C183AC8E30055CEB0 /* InfoPlist.strings in Resources */,
				4D11776A183AC8E30055CEB0 /* Images.xcassets in Resources */,
				4D117762183AC8E30055CEB0 /* Credits.rtf in Resources */,
				4D117768183AC8E30055CEB0 /* MainMenu.xib in Resources */,
			);
			runOnlyForDeploymentPostprocessing = 0;
		};
		4D11776D183AC8E30055CEB0 /* Resources */ = {
			isa = PBXResourcesBuildPhase;
			buildActionMask = 2147483647;
			files = (
				4D11777A183AC8E30055CEB0 /* InfoPlist.strings in Resources */,
			);
			runOnlyForDeploymentPostprocessing = 0;
		};
/* End PBXResourcesBuildPhase section */

/* Begin PBXSourcesBuildPhase section */
		4D11774A183AC8E30055CEB0 /* Sources */ = {
			isa = PBXSourcesBuildPhase;
			buildActionMask = 2147483647;
			files = (
				4DA651A0184272B7006B5791 /* LIGridDividerView.m in Sources */,
				4D11775E183AC8E30055CEB0 /* main.m in Sources */,
				4DA651A3184278EC006B5791 /* LIGridArea.m in Sources */,
				4D117765183AC8E30055CEB0 /* LIAppDelegate.m in Sources */,
				4D11778B183AC92B0055CEB0 /* LIGridCellView.m in Sources */,
				4D11778F183D6D2A0055CEB0 /* LISpreadsheetControl.m in Sources */,
				4D117788183AC91C0055CEB0 /* LIGridControl.mm in Sources */,
			);
			runOnlyForDeploymentPostprocessing = 0;
		};
		4D11776B183AC8E30055CEB0 /* Sources */ = {
			isa = PBXSourcesBuildPhase;
			buildActionMask = 2147483647;
			files = (
				4D11777C183AC8E30055CEB0 /* LIGridControlTests.m in Sources */,
			);
			runOnlyForDeploymentPostprocessing = 0;
		};
/* End PBXSourcesBuildPhase section */

/* Begin PBXTargetDependency section */
		4D117774183AC8E30055CEB0 /* PBXTargetDependency */ = {
			isa = PBXTargetDependency;
			target = 4D11774D183AC8E30055CEB0 /* LIGridControl */;
			targetProxy = 4D117773183AC8E30055CEB0 /* PBXContainerItemProxy */;
		};
/* End PBXTargetDependency section */

/* Begin PBXVariantGroup section */
		4D11775A183AC8E30055CEB0 /* InfoPlist.strings */ = {
			isa = PBXVariantGroup;
			children = (
				4D11775B183AC8E30055CEB0 /* en */,
			);
			name = InfoPlist.strings;
			sourceTree = "<group>";
		};
		4D117760183AC8E30055CEB0 /* Credits.rtf */ = {
			isa = PBXVariantGroup;
			children = (
				4D117761183AC8E30055CEB0 /* en */,
			);
			name = Credits.rtf;
			sourceTree = "<group>";
		};
		4D117766183AC8E30055CEB0 /* MainMenu.xib */ = {
			isa = PBXVariantGroup;
			children = (
				4D117767183AC8E30055CEB0 /* Base */,
			);
			name = MainMenu.xib;
			sourceTree = "<group>";
		};
		4D117778183AC8E30055CEB0 /* InfoPlist.strings */ = {
			isa = PBXVariantGroup;
			children = (
				4D117779183AC8E30055CEB0 /* en */,
			);
			name = InfoPlist.strings;
			sourceTree = "<group>";
		};
/* End PBXVariantGroup section */

/* Begin XCBuildConfiguration section */
		4D11777D183AC8E30055CEB0 /* Debug */ = {
			isa = XCBuildConfiguration;
			buildSettings = {
				ALWAYS_SEARCH_USER_PATHS = NO;
				CLANG_CXX_LANGUAGE_STANDARD = "gnu++0x";
				CLANG_CXX_LIBRARY = "libc++";
				CLANG_ENABLE_OBJC_ARC = YES;
				CLANG_WARN_BOOL_CONVERSION = YES;
				CLANG_WARN_CONSTANT_CONVERSION = YES;
				CLANG_WARN_DIRECT_OBJC_ISA_USAGE = YES_ERROR;
				CLANG_WARN_EMPTY_BODY = YES;
				CLANG_WARN_ENUM_CONVERSION = YES;
				CLANG_WARN_INT_CONVERSION = YES;
				CLANG_WARN_OBJC_ROOT_CLASS = YES_ERROR;
				CLANG_WARN__DUPLICATE_METHOD_MATCH = YES;
				COPY_PHASE_STRIP = NO;
				GCC_C_LANGUAGE_STANDARD = gnu99;
				GCC_DYNAMIC_NO_PIC = NO;
				GCC_ENABLE_OBJC_EXCEPTIONS = YES;
				GCC_OPTIMIZATION_LEVEL = 0;
				GCC_PREPROCESSOR_DEFINITIONS = (
					"DEBUG=1",
					"$(inherited)",
				);
				GCC_SYMBOLS_PRIVATE_EXTERN = NO;
				GCC_WARN_64_TO_32_BIT_CONVERSION = YES;
				GCC_WARN_ABOUT_RETURN_TYPE = YES_ERROR;
				GCC_WARN_UNDECLARED_SELECTOR = YES;
				GCC_WARN_UNINITIALIZED_AUTOS = YES;
				GCC_WARN_UNUSED_FUNCTION = YES;
				GCC_WARN_UNUSED_VARIABLE = YES;
				MACOSX_DEPLOYMENT_TARGET = 10.9;
				ONLY_ACTIVE_ARCH = YES;
				SDKROOT = macosx;
			};
			name = Debug;
		};
		4D11777E183AC8E30055CEB0 /* Release */ = {
			isa = XCBuildConfiguration;
			buildSettings = {
				ALWAYS_SEARCH_USER_PATHS = NO;
				CLANG_CXX_LANGUAGE_STANDARD = "gnu++0x";
				CLANG_CXX_LIBRARY = "libc++";
				CLANG_ENABLE_OBJC_ARC = YES;
				CLANG_WARN_BOOL_CONVERSION = YES;
				CLANG_WARN_CONSTANT_CONVERSION = YES;
				CLANG_WARN_DIRECT_OBJC_ISA_USAGE = YES_ERROR;
				CLANG_WARN_EMPTY_BODY = YES;
				CLANG_WARN_ENUM_CONVERSION = YES;
				CLANG_WARN_INT_CONVERSION = YES;
				CLANG_WARN_OBJC_ROOT_CLASS = YES_ERROR;
				CLANG_WARN__DUPLICATE_METHOD_MATCH = YES;
				COPY_PHASE_STRIP = YES;
				DEBUG_INFORMATION_FORMAT = "dwarf-with-dsym";
				ENABLE_NS_ASSERTIONS = NO;
				GCC_C_LANGUAGE_STANDARD = gnu99;
				GCC_ENABLE_OBJC_EXCEPTIONS = YES;
				GCC_WARN_64_TO_32_BIT_CONVERSION = YES;
				GCC_WARN_ABOUT_RETURN_TYPE = YES_ERROR;
				GCC_WARN_UNDECLARED_SELECTOR = YES;
				GCC_WARN_UNINITIALIZED_AUTOS = YES;
				GCC_WARN_UNUSED_FUNCTION = YES;
				GCC_WARN_UNUSED_VARIABLE = YES;
				MACOSX_DEPLOYMENT_TARGET = 10.9;
				SDKROOT = macosx;
			};
			name = Release;
		};
		4D117780183AC8E30055CEB0 /* Debug */ = {
			isa = XCBuildConfiguration;
			buildSettings = {
				ASSETCATALOG_COMPILER_APPICON_NAME = AppIcon;
				COMBINE_HIDPI_IMAGES = YES;
				GCC_PRECOMPILE_PREFIX_HEADER = YES;
				GCC_PREFIX_HEADER = "LIGridControl/LIGridControl-Prefix.pch";
				INFOPLIST_FILE = "LIGridControl/LIGridControl-Info.plist";
				PRODUCT_NAME = "$(TARGET_NAME)";
				WRAPPER_EXTENSION = app;
			};
			name = Debug;
		};
		4D117781183AC8E30055CEB0 /* Release */ = {
			isa = XCBuildConfiguration;
			buildSettings = {
				ASSETCATALOG_COMPILER_APPICON_NAME = AppIcon;
				COMBINE_HIDPI_IMAGES = YES;
				GCC_PRECOMPILE_PREFIX_HEADER = YES;
				GCC_PREFIX_HEADER = "LIGridControl/LIGridControl-Prefix.pch";
				INFOPLIST_FILE = "LIGridControl/LIGridControl-Info.plist";
				PRODUCT_NAME = "$(TARGET_NAME)";
				WRAPPER_EXTENSION = app;
			};
			name = Release;
		};
		4D117783183AC8E30055CEB0 /* Debug */ = {
			isa = XCBuildConfiguration;
			buildSettings = {
				BUNDLE_LOADER = "$(BUILT_PRODUCTS_DIR)/LIGridControl.app/Contents/MacOS/LIGridControl";
				COMBINE_HIDPI_IMAGES = YES;
				FRAMEWORK_SEARCH_PATHS = (
					"$(DEVELOPER_FRAMEWORKS_DIR)",
					"$(inherited)",
				);
				GCC_PRECOMPILE_PREFIX_HEADER = YES;
				GCC_PREFIX_HEADER = "LIGridControl/LIGridControl-Prefix.pch";
				GCC_PREPROCESSOR_DEFINITIONS = (
					"DEBUG=1",
					"$(inherited)",
				);
				INFOPLIST_FILE = "LIGridControlTests/LIGridControlTests-Info.plist";
				PRODUCT_NAME = "$(TARGET_NAME)";
				TEST_HOST = "$(BUNDLE_LOADER)";
				WRAPPER_EXTENSION = xctest;
			};
			name = Debug;
		};
		4D117784183AC8E30055CEB0 /* Release */ = {
			isa = XCBuildConfiguration;
			buildSettings = {
				BUNDLE_LOADER = "$(BUILT_PRODUCTS_DIR)/LIGridControl.app/Contents/MacOS/LIGridControl";
				COMBINE_HIDPI_IMAGES = YES;
				FRAMEWORK_SEARCH_PATHS = (
					"$(DEVELOPER_FRAMEWORKS_DIR)",
					"$(inherited)",
				);
				GCC_PRECOMPILE_PREFIX_HEADER = YES;
				GCC_PREFIX_HEADER = "LIGridControl/LIGridControl-Prefix.pch";
				INFOPLIST_FILE = "LIGridControlTests/LIGridControlTests-Info.plist";
				PRODUCT_NAME = "$(TARGET_NAME)";
				TEST_HOST = "$(BUNDLE_LOADER)";
				WRAPPER_EXTENSION = xctest;
			};
			name = Release;
		};
/* End XCBuildConfiguration section */

/* Begin XCConfigurationList section */
		4D117749183AC8E30055CEB0 /* Build configuration list for PBXProject "LIGridControl" */ = {
			isa = XCConfigurationList;
			buildConfigurations = (
				4D11777D183AC8E30055CEB0 /* Debug */,
				4D11777E183AC8E30055CEB0 /* Release */,
			);
			defaultConfigurationIsVisible = 0;
			defaultConfigurationName = Release;
		};
		4D11777F183AC8E30055CEB0 /* Build configuration list for PBXNativeTarget "LIGridControl" */ = {
			isa = XCConfigurationList;
			buildConfigurations = (
				4D117780183AC8E30055CEB0 /* Debug */,
				4D117781183AC8E30055CEB0 /* Release */,
			);
			defaultConfigurationIsVisible = 0;
			defaultConfigurationName = Release;
		};
		4D117782183AC8E30055CEB0 /* Build configuration list for PBXNativeTarget "LIGridControlTests" */ = {
			isa = XCConfigurationList;
			buildConfigurations = (
				4D117783183AC8E30055CEB0 /* Debug */,
				4D117784183AC8E30055CEB0 /* Release */,
			);
			defaultConfigurationIsVisible = 0;
			defaultConfigurationName = Release;
		};
/* End XCConfigurationList section */
	};
	rootObject = 4D117746183AC8E30055CEB0 /* Project object */;
}
